// !$*UTF8*$!
{
	archiveVersion = 1;
	classes = {
	};
	objectVersion = 55;
	objects = {

/* Begin PBXBuildFile section */
		4873A0CC281B9C940024201B /* AppDelegate.swift in Sources */ = {isa = PBXBuildFile; fileRef = 4873A0CB281B9C930024201B /* AppDelegate.swift */; };
		4873A0CE281B9C940024201B /* SceneDelegate.swift in Sources */ = {isa = PBXBuildFile; fileRef = 4873A0CD281B9C940024201B /* SceneDelegate.swift */; };
		4873A0D5281B9C970024201B /* Assets.xcassets in Resources */ = {isa = PBXBuildFile; fileRef = 4873A0D4281B9C970024201B /* Assets.xcassets */; };
		4873A0D8281B9C970024201B /* LaunchScreen.storyboard in Resources */ = {isa = PBXBuildFile; fileRef = 4873A0D6281B9C970024201B /* LaunchScreen.storyboard */; };
		4873A0E2281B9D610024201B /* Router.swift in Sources */ = {isa = PBXBuildFile; fileRef = 4873A0E1281B9D610024201B /* Router.swift */; };
		4873A0E5281B9D820024201B /* UserViewController.swift in Sources */ = {isa = PBXBuildFile; fileRef = 4873A0E4281B9D820024201B /* UserViewController.swift */; };
		4873A0E7281B9D8D0024201B /* Interactor.swift in Sources */ = {isa = PBXBuildFile; fileRef = 4873A0E6281B9D8D0024201B /* Interactor.swift */; };
		4873A0E9281B9D9A0024201B /* Presenter.swift in Sources */ = {isa = PBXBuildFile; fileRef = 4873A0E8281B9D9A0024201B /* Presenter.swift */; };
		4873A0EB281B9DA60024201B /* Entity.swift in Sources */ = {isa = PBXBuildFile; fileRef = 4873A0EA281B9DA60024201B /* Entity.swift */; };
		4873A0F2281BA9DA0024201B /* Endpoints.swift in Sources */ = {isa = PBXBuildFile; fileRef = 4873A0F1281BA9DA0024201B /* Endpoints.swift */; };
		48B9DF9F281BD03500D1ACCE /* UserViewController.storyboard in Resources */ = {isa = PBXBuildFile; fileRef = 48B9DF9E281BD03500D1ACCE /* UserViewController.storyboard */; };
		EC99DB2D943C779D0445860C /* Pods_AgeOfEmpiresViper.framework in Frameworks */ = {isa = PBXBuildFile; fileRef = FF8951ECC46EA8CF8D05BE97 /* Pods_AgeOfEmpiresViper.framework */; };
/* End PBXBuildFile section */

/* Begin PBXFileReference section */
		4873A0C8281B9C930024201B /* AgeOfEmpiresViper.app */ = {isa = PBXFileReference; explicitFileType = wrapper.application; includeInIndex = 0; path = AgeOfEmpiresViper.app; sourceTree = BUILT_PRODUCTS_DIR; };
		4873A0CB281B9C930024201B /* AppDelegate.swift */ = {isa = PBXFileReference; lastKnownFileType = sourcecode.swift; path = AppDelegate.swift; sourceTree = "<group>"; };
		4873A0CD281B9C940024201B /* SceneDelegate.swift */ = {isa = PBXFileReference; lastKnownFileType = sourcecode.swift; path = SceneDelegate.swift; sourceTree = "<group>"; };
		4873A0D4281B9C970024201B /* Assets.xcassets */ = {isa = PBXFileReference; lastKnownFileType = folder.assetcatalog; path = Assets.xcassets; sourceTree = "<group>"; };
		4873A0D7281B9C970024201B /* Base */ = {isa = PBXFileReference; lastKnownFileType = file.storyboard; name = Base; path = Base.lproj/LaunchScreen.storyboard; sourceTree = "<group>"; };
		4873A0D9281B9C970024201B /* Info.plist */ = {isa = PBXFileReference; lastKnownFileType = text.plist.xml; path = Info.plist; sourceTree = "<group>"; };
		4873A0E1281B9D610024201B /* Router.swift */ = {isa = PBXFileReference; lastKnownFileType = sourcecode.swift; path = Router.swift; sourceTree = "<group>"; };
		4873A0E4281B9D820024201B /* UserViewController.swift */ = {isa = PBXFileReference; lastKnownFileType = sourcecode.swift; path = UserViewController.swift; sourceTree = "<group>"; };
		4873A0E6281B9D8D0024201B /* Interactor.swift */ = {isa = PBXFileReference; lastKnownFileType = sourcecode.swift; path = Interactor.swift; sourceTree = "<group>"; };
		4873A0E8281B9D9A0024201B /* Presenter.swift */ = {isa = PBXFileReference; lastKnownFileType = sourcecode.swift; path = Presenter.swift; sourceTree = "<group>"; };
		4873A0EA281B9DA60024201B /* Entity.swift */ = {isa = PBXFileReference; lastKnownFileType = sourcecode.swift; path = Entity.swift; sourceTree = "<group>"; };
		4873A0F1281BA9DA0024201B /* Endpoints.swift */ = {isa = PBXFileReference; lastKnownFileType = sourcecode.swift; path = Endpoints.swift; sourceTree = "<group>"; };
		48B9DF9E281BD03500D1ACCE /* UserViewController.storyboard */ = {isa = PBXFileReference; lastKnownFileType = file.storyboard; path = UserViewController.storyboard; sourceTree = "<group>"; };
		AFCB129DDBCC98463987B854 /* Pods-AgeOfEmpiresViper.debug.xcconfig */ = {isa = PBXFileReference; includeInIndex = 1; lastKnownFileType = text.xcconfig; name = "Pods-AgeOfEmpiresViper.debug.xcconfig"; path = "Target Support Files/Pods-AgeOfEmpiresViper/Pods-AgeOfEmpiresViper.debug.xcconfig"; sourceTree = "<group>"; };
		B3BED77D2F8C2741B9E6DC6F /* Pods-AgeOfEmpiresViper.release.xcconfig */ = {isa = PBXFileReference; includeInIndex = 1; lastKnownFileType = text.xcconfig; name = "Pods-AgeOfEmpiresViper.release.xcconfig"; path = "Target Support Files/Pods-AgeOfEmpiresViper/Pods-AgeOfEmpiresViper.release.xcconfig"; sourceTree = "<group>"; };
		FF8951ECC46EA8CF8D05BE97 /* Pods_AgeOfEmpiresViper.framework */ = {isa = PBXFileReference; explicitFileType = wrapper.framework; includeInIndex = 0; path = Pods_AgeOfEmpiresViper.framework; sourceTree = BUILT_PRODUCTS_DIR; };
/* End PBXFileReference section */

/* Begin PBXFrameworksBuildPhase section */
		4873A0C5281B9C930024201B /* Frameworks */ = {
			isa = PBXFrameworksBuildPhase;
			buildActionMask = 2147483647;
			files = (
				EC99DB2D943C779D0445860C /* Pods_AgeOfEmpiresViper.framework in Frameworks */,
			);
			runOnlyForDeploymentPostprocessing = 0;
		};
/* End PBXFrameworksBuildPhase section */

/* Begin PBXGroup section */
		4873A0BF281B9C930024201B = {
			isa = PBXGroup;
			children = (
				4873A0CA281B9C930024201B /* AgeOfEmpiresViper */,
				4873A0C9281B9C930024201B /* Products */,
				90130FE1164469BC80EECCF7 /* Pods */,
				BC11A38C2A6710C666F4EA16 /* Frameworks */,
			);
			sourceTree = "<group>";
		};
		4873A0C9281B9C930024201B /* Products */ = {
			isa = PBXGroup;
			children = (
				4873A0C8281B9C930024201B /* AgeOfEmpiresViper.app */,
			);
			name = Products;
			sourceTree = "<group>";
		};
		4873A0CA281B9C930024201B /* AgeOfEmpiresViper */ = {
			isa = PBXGroup;
			children = (
				4873A0F0281BA9C30024201B /* Helpers */,
				4873A0DF281B9D450024201B /* Modules */,
				4873A0CB281B9C930024201B /* AppDelegate.swift */,
				4873A0CD281B9C940024201B /* SceneDelegate.swift */,
				4873A0D4281B9C970024201B /* Assets.xcassets */,
				4873A0D6281B9C970024201B /* LaunchScreen.storyboard */,
				4873A0D9281B9C970024201B /* Info.plist */,
			);
			path = AgeOfEmpiresViper;
			sourceTree = "<group>";
		};
		4873A0DF281B9D450024201B /* Modules */ = {
			isa = PBXGroup;
			children = (
				4873A0E0281B9D4F0024201B /* Civilisation */,
			);
			path = Modules;
			sourceTree = "<group>";
		};
		4873A0E0281B9D4F0024201B /* Civilisation */ = {
			isa = PBXGroup;
			children = (
				4873A0E4281B9D820024201B /* UserViewController.swift */,
				48B9DF9E281BD03500D1ACCE /* UserViewController.storyboard */,
				4873A0E6281B9D8D0024201B /* Interactor.swift */,
				4873A0E8281B9D9A0024201B /* Presenter.swift */,
				4873A0EA281B9DA60024201B /* Entity.swift */,
				4873A0E1281B9D610024201B /* Router.swift */,
			);
			path = Civilisation;
			sourceTree = "<group>";
		};
		4873A0F0281BA9C30024201B /* Helpers */ = {
			isa = PBXGroup;
			children = (
				4873A0F1281BA9DA0024201B /* Endpoints.swift */,
			);
			path = Helpers;
			sourceTree = "<group>";
		};
		90130FE1164469BC80EECCF7 /* Pods */ = {
			isa = PBXGroup;
			children = (
				AFCB129DDBCC98463987B854 /* Pods-AgeOfEmpiresViper.debug.xcconfig */,
				B3BED77D2F8C2741B9E6DC6F /* Pods-AgeOfEmpiresViper.release.xcconfig */,
			);
			path = Pods;
			sourceTree = "<group>";
		};
		BC11A38C2A6710C666F4EA16 /* Frameworks */ = {
			isa = PBXGroup;
			children = (
				FF8951ECC46EA8CF8D05BE97 /* Pods_AgeOfEmpiresViper.framework */,
			);
			name = Frameworks;
			sourceTree = "<group>";
		};
/* End PBXGroup section */

/* Begin PBXNativeTarget section */
		4873A0C7281B9C930024201B /* AgeOfEmpiresViper */ = {
			isa = PBXNativeTarget;
			buildConfigurationList = 4873A0DC281B9C970024201B /* Build configuration list for PBXNativeTarget "AgeOfEmpiresViper" */;
			buildPhases = (
				A772EA90257958D44311A883 /* [CP] Check Pods Manifest.lock */,
				4873A0C4281B9C930024201B /* Sources */,
				4873A0C5281B9C930024201B /* Frameworks */,
				4873A0C6281B9C930024201B /* Resources */,
				9C7AA73F23C5F48B7B56DA29 /* [CP] Embed Pods Frameworks */,
			);
			buildRules = (
			);
			dependencies = (
			);
			name = AgeOfEmpiresViper;
			productName = AgeOfEmpiresViper;
			productReference = 4873A0C8281B9C930024201B /* AgeOfEmpiresViper.app */;
			productType = "com.apple.product-type.application";
		};
/* End PBXNativeTarget section */

/* Begin PBXProject section */
		4873A0C0281B9C930024201B /* Project object */ = {
			isa = PBXProject;
			attributes = {
				BuildIndependentTargetsInParallel = 1;
				LastSwiftUpdateCheck = 1330;
				LastUpgradeCheck = 1330;
				TargetAttributes = {
					4873A0C7281B9C930024201B = {
						CreatedOnToolsVersion = 13.3;
					};
				};
			};
			buildConfigurationList = 4873A0C3281B9C930024201B /* Build configuration list for PBXProject "AgeOfEmpiresViper" */;
			compatibilityVersion = "Xcode 13.0";
			developmentRegion = en;
			hasScannedForEncodings = 0;
			knownRegions = (
				en,
				Base,
			);
			mainGroup = 4873A0BF281B9C930024201B;
			productRefGroup = 4873A0C9281B9C930024201B /* Products */;
			projectDirPath = "";
			projectRoot = "";
			targets = (
				4873A0C7281B9C930024201B /* AgeOfEmpiresViper */,
			);
		};
/* End PBXProject section */

/* Begin PBXResourcesBuildPhase section */
		4873A0C6281B9C930024201B /* Resources */ = {
			isa = PBXResourcesBuildPhase;
			buildActionMask = 2147483647;
			files = (
				4873A0D8281B9C970024201B /* LaunchScreen.storyboard in Resources */,
				48B9DF9F281BD03500D1ACCE /* UserViewController.storyboard in Resources */,
				4873A0D5281B9C970024201B /* Assets.xcassets in Resources */,
			);
			runOnlyForDeploymentPostprocessing = 0;
		};
/* End PBXResourcesBuildPhase section */

/* Begin PBXShellScriptBuildPhase section */
		9C7AA73F23C5F48B7B56DA29 /* [CP] Embed Pods Frameworks */ = {
			isa = PBXShellScriptBuildPhase;
			buildActionMask = 2147483647;
			files = (
			);
			inputFileListPaths = (
				"${PODS_ROOT}/Target Support Files/Pods-AgeOfEmpiresViper/Pods-AgeOfEmpiresViper-frameworks-${CONFIGURATION}-input-files.xcfilelist",
			);
			name = "[CP] Embed Pods Frameworks";
			outputFileListPaths = (
				"${PODS_ROOT}/Target Support Files/Pods-AgeOfEmpiresViper/Pods-AgeOfEmpiresViper-frameworks-${CONFIGURATION}-output-files.xcfilelist",
			);
			runOnlyForDeploymentPostprocessing = 0;
			shellPath = /bin/sh;
			shellScript = "\"${PODS_ROOT}/Target Support Files/Pods-AgeOfEmpiresViper/Pods-AgeOfEmpiresViper-frameworks.sh\"\n";
			showEnvVarsInLog = 0;
		};
		A772EA90257958D44311A883 /* [CP] Check Pods Manifest.lock */ = {
			isa = PBXShellScriptBuildPhase;
			buildActionMask = 2147483647;
			files = (
			);
			inputFileListPaths = (
			);
			inputPaths = (
				"${PODS_PODFILE_DIR_PATH}/Podfile.lock",
				"${PODS_ROOT}/Manifest.lock",
			);
			name = "[CP] Check Pods Manifest.lock";
			outputFileListPaths = (
			);
			outputPaths = (
				"$(DERIVED_FILE_DIR)/Pods-AgeOfEmpiresViper-checkManifestLockResult.txt",
			);
			runOnlyForDeploymentPostprocessing = 0;
			shellPath = /bin/sh;
			shellScript = "diff \"${PODS_PODFILE_DIR_PATH}/Podfile.lock\" \"${PODS_ROOT}/Manifest.lock\" > /dev/null\nif [ $? != 0 ] ; then\n    # print error to STDERR\n    echo \"error: The sandbox is not in sync with the Podfile.lock. Run 'pod install' or update your CocoaPods installation.\" >&2\n    exit 1\nfi\n# This output is used by Xcode 'outputs' to avoid re-running this script phase.\necho \"SUCCESS\" > \"${SCRIPT_OUTPUT_FILE_0}\"\n";
			showEnvVarsInLog = 0;
		};
/* End PBXShellScriptBuildPhase section */

/* Begin PBXSourcesBuildPhase section */
		4873A0C4281B9C930024201B /* Sources */ = {
			isa = PBXSourcesBuildPhase;
			buildActionMask = 2147483647;
			files = (
				4873A0E7281B9D8D0024201B /* Interactor.swift in Sources */,
				4873A0E9281B9D9A0024201B /* Presenter.swift in Sources */,
				4873A0E2281B9D610024201B /* Router.swift in Sources */,
				4873A0EB281B9DA60024201B /* Entity.swift in Sources */,
				4873A0E5281B9D820024201B /* UserViewController.swift in Sources */,
				4873A0CC281B9C940024201B /* AppDelegate.swift in Sources */,
				4873A0F2281BA9DA0024201B /* Endpoints.swift in Sources */,
				4873A0CE281B9C940024201B /* SceneDelegate.swift in Sources */,
			);
			runOnlyForDeploymentPostprocessing = 0;
		};
/* End PBXSourcesBuildPhase section */

/* Begin PBXVariantGroup section */
		4873A0D6281B9C970024201B /* LaunchScreen.storyboard */ = {
			isa = PBXVariantGroup;
			children = (
				4873A0D7281B9C970024201B /* Base */,
			);
			name = LaunchScreen.storyboard;
			sourceTree = "<group>";
		};
/* End PBXVariantGroup section */

/* Begin XCBuildConfiguration section */
		4873A0DA281B9C970024201B /* Debug */ = {
			isa = XCBuildConfiguration;
			buildSettings = {
				ALWAYS_SEARCH_USER_PATHS = NO;
				CLANG_ANALYZER_NONNULL = YES;
				CLANG_ANALYZER_NUMBER_OBJECT_CONVERSION = YES_AGGRESSIVE;
				CLANG_CXX_LANGUAGE_STANDARD = "gnu++17";
				CLANG_ENABLE_MODULES = YES;
				CLANG_ENABLE_OBJC_ARC = YES;
				CLANG_ENABLE_OBJC_WEAK = YES;
				CLANG_WARN_BLOCK_CAPTURE_AUTORELEASING = YES;
				CLANG_WARN_BOOL_CONVERSION = YES;
				CLANG_WARN_COMMA = YES;
				CLANG_WARN_CONSTANT_CONVERSION = YES;
				CLANG_WARN_DEPRECATED_OBJC_IMPLEMENTATIONS = YES;
				CLANG_WARN_DIRECT_OBJC_ISA_USAGE = YES_ERROR;
				CLANG_WARN_DOCUMENTATION_COMMENTS = YES;
				CLANG_WARN_EMPTY_BODY = YES;
				CLANG_WARN_ENUM_CONVERSION = YES;
				CLANG_WARN_INFINITE_RECURSION = YES;
				CLANG_WARN_INT_CONVERSION = YES;
				CLANG_WARN_NON_LITERAL_NULL_CONVERSION = YES;
				CLANG_WARN_OBJC_IMPLICIT_RETAIN_SELF = YES;
				CLANG_WARN_OBJC_LITERAL_CONVERSION = YES;
				CLANG_WARN_OBJC_ROOT_CLASS = YES_ERROR;
				CLANG_WARN_QUOTED_INCLUDE_IN_FRAMEWORK_HEADER = YES;
				CLANG_WARN_RANGE_LOOP_ANALYSIS = YES;
				CLANG_WARN_STRICT_PROTOTYPES = YES;
				CLANG_WARN_SUSPICIOUS_MOVE = YES;
				CLANG_WARN_UNGUARDED_AVAILABILITY = YES_AGGRESSIVE;
				CLANG_WARN_UNREACHABLE_CODE = YES;
				CLANG_WARN__DUPLICATE_METHOD_MATCH = YES;
				COPY_PHASE_STRIP = NO;
				DEBUG_INFORMATION_FORMAT = dwarf;
				ENABLE_STRICT_OBJC_MSGSEND = YES;
				ENABLE_TESTABILITY = YES;
				GCC_C_LANGUAGE_STANDARD = gnu11;
				GCC_DYNAMIC_NO_PIC = NO;
				GCC_NO_COMMON_BLOCKS = YES;
				GCC_OPTIMIZATION_LEVEL = 0;
				GCC_PREPROCESSOR_DEFINITIONS = (
					"DEBUG=1",
					"$(inherited)",
				);
				GCC_WARN_64_TO_32_BIT_CONVERSION = YES;
				GCC_WARN_ABOUT_RETURN_TYPE = YES_ERROR;
				GCC_WARN_UNDECLARED_SELECTOR = YES;
				GCC_WARN_UNINITIALIZED_AUTOS = YES_AGGRESSIVE;
				GCC_WARN_UNUSED_FUNCTION = YES;
				GCC_WARN_UNUSED_VARIABLE = YES;
				IPHONEOS_DEPLOYMENT_TARGET = 15.4;
				MTL_ENABLE_DEBUG_INFO = INCLUDE_SOURCE;
				MTL_FAST_MATH = YES;
				ONLY_ACTIVE_ARCH = YES;
				SDKROOT = iphoneos;
				SWIFT_ACTIVE_COMPILATION_CONDITIONS = DEBUG;
				SWIFT_OPTIMIZATION_LEVEL = "-Onone";
			};
			name = Debug;
		};
		4873A0DB281B9C970024201B /* Release */ = {
			isa = XCBuildConfiguration;
			buildSettings = {
				ALWAYS_SEARCH_USER_PATHS = NO;
				CLANG_ANALYZER_NONNULL = YES;
				CLANG_ANALYZER_NUMBER_OBJECT_CONVERSION = YES_AGGRESSIVE;
				CLANG_CXX_LANGUAGE_STANDARD = "gnu++17";
				CLANG_ENABLE_MODULES = YES;
				CLANG_ENABLE_OBJC_ARC = YES;
				CLANG_ENABLE_OBJC_WEAK = YES;
				CLANG_WARN_BLOCK_CAPTURE_AUTORELEASING = YES;
				CLANG_WARN_BOOL_CONVERSION = YES;
				CLANG_WARN_COMMA = YES;
				CLANG_WARN_CONSTANT_CONVERSION = YES;
				CLANG_WARN_DEPRECATED_OBJC_IMPLEMENTATIONS = YES;
				CLANG_WARN_DIRECT_OBJC_ISA_USAGE = YES_ERROR;
				CLANG_WARN_DOCUMENTATION_COMMENTS = YES;
				CLANG_WARN_EMPTY_BODY = YES;
				CLANG_WARN_ENUM_CONVERSION = YES;
				CLANG_WARN_INFINITE_RECURSION = YES;
				CLANG_WARN_INT_CONVERSION = YES;
				CLANG_WARN_NON_LITERAL_NULL_CONVERSION = YES;
				CLANG_WARN_OBJC_IMPLICIT_RETAIN_SELF = YES;
				CLANG_WARN_OBJC_LITERAL_CONVERSION = YES;
				CLANG_WARN_OBJC_ROOT_CLASS = YES_ERROR;
				CLANG_WARN_QUOTED_INCLUDE_IN_FRAMEWORK_HEADER = YES;
				CLANG_WARN_RANGE_LOOP_ANALYSIS = YES;
				CLANG_WARN_STRICT_PROTOTYPES = YES;
				CLANG_WARN_SUSPICIOUS_MOVE = YES;
				CLANG_WARN_UNGUARDED_AVAILABILITY = YES_AGGRESSIVE;
				CLANG_WARN_UNREACHABLE_CODE = YES;
				CLANG_WARN__DUPLICATE_METHOD_MATCH = YES;
				COPY_PHASE_STRIP = NO;
				DEBUG_INFORMATION_FORMAT = "dwarf-with-dsym";
				ENABLE_NS_ASSERTIONS = NO;
				ENABLE_STRICT_OBJC_MSGSEND = YES;
				GCC_C_LANGUAGE_STANDARD = gnu11;
				GCC_NO_COMMON_BLOCKS = YES;
				GCC_WARN_64_TO_32_BIT_CONVERSION = YES;
				GCC_WARN_ABOUT_RETURN_TYPE = YES_ERROR;
				GCC_WARN_UNDECLARED_SELECTOR = YES;
				GCC_WARN_UNINITIALIZED_AUTOS = YES_AGGRESSIVE;
				GCC_WARN_UNUSED_FUNCTION = YES;
				GCC_WARN_UNUSED_VARIABLE = YES;
				IPHONEOS_DEPLOYMENT_TARGET = 15.4;
				MTL_ENABLE_DEBUG_INFO = NO;
				MTL_FAST_MATH = YES;
				SDKROOT = iphoneos;
				SWIFT_COMPILATION_MODE = wholemodule;
				SWIFT_OPTIMIZATION_LEVEL = "-O";
				VALIDATE_PRODUCT = YES;
			};
			name = Release;
		};
		4873A0DD281B9C970024201B /* Debug */ = {
			isa = XCBuildConfiguration;
			baseConfigurationReference = AFCB129DDBCC98463987B854 /* Pods-AgeOfEmpiresViper.debug.xcconfig */;
			buildSettings = {
				ASSETCATALOG_COMPILER_APPICON_NAME = AppIcon;
				ASSETCATALOG_COMPILER_GLOBAL_ACCENT_COLOR_NAME = AccentColor;
				CODE_SIGN_STYLE = Automatic;
				CURRENT_PROJECT_VERSION = 1;
				DEVELOPMENT_TEAM = P7YG254GA3;
				GENERATE_INFOPLIST_FILE = YES;
				INFOPLIST_FILE = AgeOfEmpiresViper/Info.plist;
				INFOPLIST_KEY_UIApplicationSupportsIndirectInputEvents = YES;
				INFOPLIST_KEY_UILaunchStoryboardName = LaunchScreen;
				INFOPLIST_KEY_UISupportedInterfaceOrientations_iPad = "UIInterfaceOrientationPortrait UIInterfaceOrientationPortraitUpsideDown UIInterfaceOrientationLandscapeLeft UIInterfaceOrientationLandscapeRight";
				INFOPLIST_KEY_UISupportedInterfaceOrientations_iPhone = "UIInterfaceOrientationPortrait UIInterfaceOrientationLandscapeLeft UIInterfaceOrientationLandscapeRight";
				LD_RUNPATH_SEARCH_PATHS = (
					"$(inherited)",
					"@executable_path/Frameworks",
				);
				MARKETING_VERSION = 1.0;
				PRODUCT_BUNDLE_IDENTIFIER = com.karma.AgeOfEmpiresViper;
				PRODUCT_NAME = "$(TARGET_NAME)";
				SWIFT_EMIT_LOC_STRINGS = YES;
				SWIFT_VERSION = 5.0;
				TARGETED_DEVICE_FAMILY = "1,2";
			};
			name = Debug;
		};
		4873A0DE281B9C970024201B /* Release */ = {
			isa = XCBuildConfiguration;
			baseConfigurationReference = B3BED77D2F8C2741B9E6DC6F /* Pods-AgeOfEmpiresViper.release.xcconfig */;
			buildSettings = {
				ASSETCATALOG_COMPILER_APPICON_NAME = AppIcon;
				ASSETCATALOG_COMPILER_GLOBAL_ACCENT_COLOR_NAME = AccentColor;
				CODE_SIGN_STYLE = Automatic;
				CURRENT_PROJECT_VERSION = 1;
				DEVELOPMENT_TEAM = P7YG254GA3;
				GENERATE_INFOPLIST_FILE = YES;
				INFOPLIST_FILE = AgeOfEmpiresViper/Info.plist;
				INFOPLIST_KEY_UIApplicationSupportsIndirectInputEvents = YES;
				INFOPLIST_KEY_UILaunchStoryboardName = LaunchScreen;
				INFOPLIST_KEY_UISupportedInterfaceOrientations_iPad = "UIInterfaceOrientationPortrait UIInterfaceOrientationPortraitUpsideDown UIInterfaceOrientationLandscapeLeft UIInterfaceOrientationLandscapeRight";
				INFOPLIST_KEY_UISupportedInterfaceOrientations_iPhone = "UIInterfaceOrientationPortrait UIInterfaceOrientationLandscapeLeft UIInterfaceOrientationLandscapeRight";
				LD_RUNPATH_SEARCH_PATHS = (
					"$(inherited)",
					"@executable_path/Frameworks",
				);
				MARKETING_VERSION = 1.0;
				PRODUCT_BUNDLE_IDENTIFIER = com.karma.AgeOfEmpiresViper;
				PRODUCT_NAME = "$(TARGET_NAME)";
				SWIFT_EMIT_LOC_STRINGS = YES;
				SWIFT_VERSION = 5.0;
				TARGETED_DEVICE_FAMILY = "1,2";
			};
			name = Release;
		};
/* End XCBuildConfiguration section */

/* Begin XCConfigurationList section */
		4873A0C3281B9C930024201B /* Build configuration list for PBXProject "AgeOfEmpiresViper" */ = {
			isa = XCConfigurationList;
			buildConfigurations = (
				4873A0DA281B9C970024201B /* Debug */,
				4873A0DB281B9C970024201B /* Release */,
			);
			defaultConfigurationIsVisible = 0;
			defaultConfigurationName = Release;
		};
		4873A0DC281B9C970024201B /* Build configuration list for PBXNativeTarget "AgeOfEmpiresViper" */ = {
			isa = XCConfigurationList;
			buildConfigurations = (
				4873A0DD281B9C970024201B /* Debug */,
				4873A0DE281B9C970024201B /* Release */,
			);
			defaultConfigurationIsVisible = 0;
			defaultConfigurationName = Release;
		};
/* End XCConfigurationList section */
	};
	rootObject = 4873A0C0281B9C930024201B /* Project object */;
}
